
Microsoft Visual Studio Solution File, Format Version 12.00
# Visual Studio Version 17
VisualStudioVersion = 17.8.34408.163
MinimumVisualStudioVersion = 10.0.40219.1
Project("{9A19103F-16F7-4668-BE54-9A1E7A4F7556}") = "blazor test", "blazor test\blazor test.csproj", "{0F960C0C-70BA-4FD2-A36E-4BCBAAF7F6A4}"
EndProject
Global
	GlobalSection(SolutionConfigurationPlatforms) = preSolution
		Debug|Any CPU = Debug|Any CPU
		Release|Any CPU = Release|Any CPU
	EndGlobalSection
	GlobalSection(ProjectConfigurationPlatforms) = postSolution
		{0F960C0C-70BA-4FD2-A36E-4BCBAAF7F6A4}.Debug|Any CPU.ActiveCfg = Debug|Any CPU
		{0F960C0C-70BA-4FD2-A36E-4BCBAAF7F6A4}.Debug|Any CPU.Build.0 = Debug|Any CPU
		{0F960C0C-70BA-4FD2-A36E-4BCBAAF7F6A4}.Release|Any CPU.ActiveCfg = Release|Any CPU
		{0F960C0C-70BA-4FD2-A36E-4BCBAAF7F6A4}.Release|Any CPU.Build.0 = Release|Any CPU
	EndGlobalSection
	GlobalSection(SolutionProperties) = preSolution
		HideSolutionNode = FALSE
	EndGlobalSection
	GlobalSection(ExtensibilityGlobals) = postSolution
		SolutionGuid = {204CBB14-4593-4F2E-9168-CDF4D300BB23}
	EndGlobalSection
EndGlobal
